
Microsoft Visual Studio Solution File, Format Version 12.00
# Visual Studio Version 17
VisualStudioVersion = 17.4.33213.308
MinimumVisualStudioVersion = 10.0.40219.1
Project("{FAE04EC0-301F-11D3-BF4B-00C04F79EFBC}") = "Patty's Cake Redo", "Patty's Cake Redo\Patty's Cake Redo.csproj", "{54C4F44E-1D80-49E1-905D-E8210A59F44C}"
EndProject
Global
	GlobalSection(SolutionConfigurationPlatforms) = preSolution
		Debug|Any CPU = Debug|Any CPU
		Release|Any CPU = Release|Any CPU
	EndGlobalSection
	GlobalSection(ProjectConfigurationPlatforms) = postSolution
		{54C4F44E-1D80-49E1-905D-E8210A59F44C}.Debug|Any CPU.ActiveCfg = Debug|Any CPU
		{54C4F44E-1D80-49E1-905D-E8210A59F44C}.Debug|Any CPU.Build.0 = Debug|Any CPU
		{54C4F44E-1D80-49E1-905D-E8210A59F44C}.Release|Any CPU.ActiveCfg = Release|Any CPU
		{54C4F44E-1D80-49E1-905D-E8210A59F44C}.Release|Any CPU.Build.0 = Release|Any CPU
	EndGlobalSection
	GlobalSection(SolutionProperties) = preSolution
		HideSolutionNode = FALSE
	EndGlobalSection
	GlobalSection(ExtensibilityGlobals) = postSolution
		SolutionGuid = {ABCE45A2-22D4-4E33-A395-4F5DBD0E0291}
	EndGlobalSection
EndGlobal
